Microsoft Visual Studio Solution File, Format Version 12.00
# Visual Studio Version 17
VisualStudioVersion = 17.14.36127.28
MinimumVisualStudioVersion = 10.0.40219.1
Project("{FAE04EC0-301F-11D3-BF4B-00C04F79EFBC}") = "06_Microservices_Users.ServiceDefaults", "06_Microservices_Users.ServiceDefaults\06_Microservices_Users.ServiceDefaults.csproj", "{9F51A92F-0249-AFE0-DE1B-E97E9D7E1894}"
EndProject
Project("{FAE04EC0-301F-11D3-BF4B-00C04F79EFBC}") = "CORE", "CORE\CORE.csproj", "{09FFCFE1-935F-44AF-B45E-8934CFB52A96}"
EndProject
Project("{FAE04EC0-301F-11D3-BF4B-00C04F79EFBC}") = "Locations.APP", "Locations.APP\Locations.APP.csproj", "{004FA69F-8FF2-4AA5-9D8E-A27163406155}"
EndProject
Project("{FAE04EC0-301F-11D3-BF4B-00C04F79EFBC}") = "Locations.API", "Locations.API\Locations.API.csproj", "{0B67E1E8-D576-9320-E1AD-A7C3C0D0882C}"
EndProject
Global
	GlobalSection(SolutionConfigurationPlatforms) = preSolution
		Debug|Any CPU = Debug|Any CPU
		Release|Any CPU = Release|Any CPU
	EndGlobalSection
	GlobalSection(ProjectConfigurationPlatforms) = postSolution
		{9F51A92F-0249-AFE0-DE1B-E97E9D7E1894}.Debug|Any CPU.ActiveCfg = Debug|Any CPU
		{9F51A92F-0249-AFE0-DE1B-E97E9D7E1894}.Debug|Any CPU.Build.0 = Debug|Any CPU
		{9F51A92F-0249-AFE0-DE1B-E97E9D7E1894}.Release|Any CPU.ActiveCfg = Release|Any CPU
		{9F51A92F-0249-AFE0-DE1B-E97E9D7E1894}.Release|Any CPU.Build.0 = Release|Any CPU
		{09FFCFE1-935F-44AF-B45E-8934CFB52A96}.Debug|Any CPU.ActiveCfg = Debug|Any CPU
		{09FFCFE1-935F-44AF-B45E-8934CFB52A96}.Debug|Any CPU.Build.0 = Debug|Any CPU
		{09FFCFE1-935F-44AF-B45E-8934CFB52A96}.Release|Any CPU.ActiveCfg = Release|Any CPU
		{09FFCFE1-935F-44AF-B45E-8934CFB52A96}.Release|Any CPU.Build.0 = Release|Any CPU
		{004FA69F-8FF2-4AA5-9D8E-A27163406155}.Debug|Any CPU.ActiveCfg = Debug|Any CPU
		{004FA69F-8FF2-4AA5-9D8E-A27163406155}.Debug|Any CPU.Build.0 = Debug|Any CPU
		{004FA69F-8FF2-4AA5-9D8E-A27163406155}.Release|Any CPU.ActiveCfg = Release|Any CPU
		{004FA69F-8FF2-4AA5-9D8E-A27163406155}.Release|Any CPU.Build.0 = Release|Any CPU
		{0B67E1E8-D576-9320-E1AD-A7C3C0D0882C}.Debug|Any CPU.ActiveCfg = Debug|Any CPU
		{0B67E1E8-D576-9320-E1AD-A7C3C0D0882C}.Debug|Any CPU.Build.0 = Debug|Any CPU
		{0B67E1E8-D576-9320-E1AD-A7C3C0D0882C}.Release|Any CPU.ActiveCfg = Release|Any CPU
		{0B67E1E8-D576-9320-E1AD-A7C3C0D0882C}.Release|Any CPU.Build.0 = Release|Any CPU
	EndGlobalSection
	GlobalSection(SolutionProperties) = preSolution
		HideSolutionNode = FALSE
	EndGlobalSection
	GlobalSection(ExtensibilityGlobals) = postSolution
		SolutionGuid = {9AFC1956-EEC3-4F29-8698-3FE31EA48AC9}
	EndGlobalSection
EndGlobal
